
Microsoft Visual Studio Solution File, Format Version 12.00
# Visual Studio Version 17
VisualStudioVersion = 17.12.35527.113 d17.12
MinimumVisualStudioVersion = 10.0.40219.1
Project("{F2A71F9B-5D33-465A-A702-920D77279786}") = "WebSharper.ScreenWakeLock", "WebSharper.ScreenWakeLock\WebSharper.ScreenWakeLock.fsproj", "{53F51547-7C97-4E3A-B80F-11AB2AB98952}"
EndProject
Project("{F2A71F9B-5D33-465A-A702-920D77279786}") = "WebSharper.ScreenWakeLock.Sample", "WebSharper.ScreenWakeLock.Sample\WebSharper.ScreenWakeLock.Sample.fsproj", "{39DF1A61-1639-4017-9F82-173F205D3565}"
EndProject
Global
	GlobalSection(SolutionConfigurationPlatforms) = preSolution
		Debug|Any CPU = Debug|Any CPU
		Release|Any CPU = Release|Any CPU
	EndGlobalSection
	GlobalSection(ProjectConfigurationPlatforms) = postSolution
		{53F51547-7C97-4E3A-B80F-11AB2AB98952}.Debug|Any CPU.ActiveCfg = Debug|Any CPU
		{53F51547-7C97-4E3A-B80F-11AB2AB98952}.Debug|Any CPU.Build.0 = Debug|Any CPU
		{53F51547-7C97-4E3A-B80F-11AB2AB98952}.Release|Any CPU.ActiveCfg = Release|Any CPU
		{53F51547-7C97-4E3A-B80F-11AB2AB98952}.Release|Any CPU.Build.0 = Release|Any CPU
		{39DF1A61-1639-4017-9F82-173F205D3565}.Debug|Any CPU.ActiveCfg = Debug|Any CPU
		{39DF1A61-1639-4017-9F82-173F205D3565}.Debug|Any CPU.Build.0 = Debug|Any CPU
		{39DF1A61-1639-4017-9F82-173F205D3565}.Release|Any CPU.ActiveCfg = Release|Any CPU
		{39DF1A61-1639-4017-9F82-173F205D3565}.Release|Any CPU.Build.0 = Release|Any CPU
	EndGlobalSection
	GlobalSection(SolutionProperties) = preSolution
		HideSolutionNode = FALSE
	EndGlobalSection
EndGlobal
